// !$*UTF8*$!
{
	archiveVersion = 1;
	classes = {
	};
	objectVersion = 46;
	objects = {

/* Begin PBXBuildFile section */
		067DCF70FA9284201E8DBD5E /* libPods.a in Frameworks */ = {isa = PBXBuildFile; fileRef = D133608F760C945D3F62D4F8 /* libPods.a */; };
		C87F57671B8CBA83009D174F /* libsqlite3.0.dylib in Frameworks */ = {isa = PBXBuildFile; fileRef = C87F57661B8CBA83009D174F /* libsqlite3.0.dylib */; };
		C87F57691B8CBB0C009D174F /* DatabaseManagerObject.swift in Sources */ = {isa = PBXBuildFile; fileRef = C87F57681B8CBB0C009D174F /* DatabaseManagerObject.swift */; };
		C88B28871B8D43EB0080A869 /* Global.swift in Sources */ = {isa = PBXBuildFile; fileRef = C88B28861B8D43EB0080A869 /* Global.swift */; };
		C89112D31B8E0AB30096A0F5 /* MapViewObject.swift in Sources */ = {isa = PBXBuildFile; fileRef = C89112D21B8E0AB30096A0F5 /* MapViewObject.swift */; };
		C89112D61B8E4C760096A0F5 /* newark_nj_1922.jpg in Resources */ = {isa = PBXBuildFile; fileRef = C89112D51B8E4C760096A0F5 /* newark_nj_1922.jpg */; };
		C89112D81B8EB4960096A0F5 /* BousaiManagerObject.swift in Sources */ = {isa = PBXBuildFile; fileRef = C89112D71B8EB4960096A0F5 /* BousaiManagerObject.swift */; };
		C89112DC1B8EC4B30096A0F5 /* SwiftyJSON.swift in Sources */ = {isa = PBXBuildFile; fileRef = C89112DB1B8EC4B30096A0F5 /* SwiftyJSON.swift */; };
		C89112DE1B8F88800096A0F5 /* ShelterListView.swift in Sources */ = {isa = PBXBuildFile; fileRef = C89112DD1B8F88800096A0F5 /* ShelterListView.swift */; };
		C8C109DD1B7C3A5800719166 /* AppDelegate.swift in Sources */ = {isa = PBXBuildFile; fileRef = C8C109DC1B7C3A5800719166 /* AppDelegate.swift */; };
		C8C109DF1B7C3A5800719166 /* ViewController.swift in Sources */ = {isa = PBXBuildFile; fileRef = C8C109DE1B7C3A5800719166 /* ViewController.swift */; };
		C8C109E21B7C3A5800719166 /* Main.storyboard in Resources */ = {isa = PBXBuildFile; fileRef = C8C109E01B7C3A5800719166 /* Main.storyboard */; };
		C8C109E41B7C3A5800719166 /* Images.xcassets in Resources */ = {isa = PBXBuildFile; fileRef = C8C109E31B7C3A5800719166 /* Images.xcassets */; };
		C8C109E71B7C3A5800719166 /* LaunchScreen.xib in Resources */ = {isa = PBXBuildFile; fileRef = C8C109E51B7C3A5800719166 /* LaunchScreen.xib */; };
		C8C109F31B7C3A5900719166 /* bousaiTests.swift in Sources */ = {isa = PBXBuildFile; fileRef = C8C109F21B7C3A5900719166 /* bousaiTests.swift */; };
		C8D46D401B93A8D90075D362 /* hinnan.png in Resources */ = {isa = PBXBuildFile; fileRef = C8D46D3C1B93A8D90075D362 /* hinnan.png */; };
		C8D46D411B93A8D90075D362 /* sinndo.png in Resources */ = {isa = PBXBuildFile; fileRef = C8D46D3D1B93A8D90075D362 /* sinndo.png */; };
		C8D46D421B93A8D90075D362 /* top_back.png in Resources */ = {isa = PBXBuildFile; fileRef = C8D46D3E1B93A8D90075D362 /* top_back.png */; };
		C8D46D431B93A8D90075D362 /* tsunami.png in Resources */ = {isa = PBXBuildFile; fileRef = C8D46D3F1B93A8D90075D362 /* tsunami.png */; };
		C8D9AB701B948B3C002D90B6 /* question.png in Resources */ = {isa = PBXBuildFile; fileRef = C8D9AB6F1B948B3C002D90B6 /* question.png */; };
		C8D9AB761B94E089002D90B6 /* sinnsuiiki.png in Resources */ = {isa = PBXBuildFile; fileRef = C8D9AB751B94E089002D90B6 /* sinnsuiiki.png */; };
		C8D9AB781B953F7C002D90B6 /* sinndo_1.png in Resources */ = {isa = PBXBuildFile; fileRef = C8D9AB771B953F7C002D90B6 /* sinndo_1.png */; };
		C8D9AB7A1B9551F0002D90B6 /* syousai.png in Resources */ = {isa = PBXBuildFile; fileRef = C8D9AB791B9551F0002D90B6 /* syousai.png */; };
		C8D9AB7C1B95553E002D90B6 /* DetailViewController.swift in Sources */ = {isa = PBXBuildFile; fileRef = C8D9AB7B1B95553E002D90B6 /* DetailViewController.swift */; };
		C8D9AB7E1B955578002D90B6 /* back0.png in Resources */ = {isa = PBXBuildFile; fileRef = C8D9AB7D1B955578002D90B6 /* back0.png */; };
		C8D9AB801B95711B002D90B6 /* SettingViewController.swift in Sources */ = {isa = PBXBuildFile; fileRef = C8D9AB7F1B95711B002D90B6 /* SettingViewController.swift */; };
		C8D9AB821B957156002D90B6 /* setting.png in Resources */ = {isa = PBXBuildFile; fileRef = C8D9AB811B957156002D90B6 /* setting.png */; };
		C8D9AB841B957342002D90B6 /* batsu.png in Resources */ = {isa = PBXBuildFile; fileRef = C8D9AB831B957342002D90B6 /* batsu.png */; };
		C8D9AB861B957AF7002D90B6 /* infoemation.png in Resources */ = {isa = PBXBuildFile; fileRef = C8D9AB851B957AF7002D90B6 /* infoemation.png */; };
		C8D9AB881B957B5F002D90B6 /* InformationViewController.swift in Sources */ = {isa = PBXBuildFile; fileRef = C8D9AB871B957B5F002D90B6 /* InformationViewController.swift */; };
		C8D9AB8E1B957EAD002D90B6 /* ヒラギノ角ゴOld StdN W6.otf in Resources */ = {isa = PBXBuildFile; fileRef = C8D9AB8A1B957E2C002D90B6 /* ヒラギノ角ゴOld StdN W6.otf */; };
		C8D9AB8F1B957EAD002D90B6 /* ヒラギノ角ゴOld StdN W7.otf in Resources */ = {isa = PBXBuildFile; fileRef = C8D9AB8B1B957E34002D90B6 /* ヒラギノ角ゴOld StdN W7.otf */; };
		C8D9AB901B957EAD002D90B6 /* ヒラギノ角ゴOld StdN W8.otf in Resources */ = {isa = PBXBuildFile; fileRef = C8D9AB8C1B957E34002D90B6 /* ヒラギノ角ゴOld StdN W8.otf */; };
		C8D9AB911B957EAD002D90B6 /* ヒラギノ角ゴOld StdN W9.otf in Resources */ = {isa = PBXBuildFile; fileRef = C8D9AB8D1B957E34002D90B6 /* ヒラギノ角ゴOld StdN W9.otf */; };
		C8D9AB9B1B958268002D90B6 /* icon-29@2x.png in Resources */ = {isa = PBXBuildFile; fileRef = C8D9AB931B958268002D90B6 /* icon-29@2x.png */; };
		C8D9AB9C1B958268002D90B6 /* icon-29@3x.png in Resources */ = {isa = PBXBuildFile; fileRef = C8D9AB941B958268002D90B6 /* icon-29@3x.png */; };
		C8D9AB9D1B958268002D90B6 /* icon-40@2x.png in Resources */ = {isa = PBXBuildFile; fileRef = C8D9AB951B958268002D90B6 /* icon-40@2x.png */; };
		C8D9AB9E1B958268002D90B6 /* icon-40@3x.png in Resources */ = {isa = PBXBuildFile; fileRef = C8D9AB961B958268002D90B6 /* icon-40@3x.png */; };
		C8D9AB9F1B958268002D90B6 /* icon-60@2x.png in Resources */ = {isa = PBXBuildFile; fileRef = C8D9AB971B958268002D90B6 /* icon-60@2x.png */; };
		C8D9ABA01B958268002D90B6 /* icon-60@3x.png in Resources */ = {isa = PBXBuildFile; fileRef = C8D9AB981B958268002D90B6 /* icon-60@3x.png */; };
		C8D9ABA11B958268002D90B6 /* icon-76@1x.png in Resources */ = {isa = PBXBuildFile; fileRef = C8D9AB991B958268002D90B6 /* icon-76@1x.png */; };
		C8D9ABA21B958268002D90B6 /* icon-76@2x.png in Resources */ = {isa = PBXBuildFile; fileRef = C8D9AB9A1B958268002D90B6 /* icon-76@2x.png */; };
		C8D9ABA91B958793002D90B6 /* pin_1.png in Resources */ = {isa = PBXBuildFile; fileRef = C8D9ABA51B958793002D90B6 /* pin_1.png */; };
		C8D9ABAA1B958793002D90B6 /* pin_2.png in Resources */ = {isa = PBXBuildFile; fileRef = C8D9ABA61B958793002D90B6 /* pin_2.png */; };
		C8D9ABAB1B958793002D90B6 /* pin_3.png in Resources */ = {isa = PBXBuildFile; fileRef = C8D9ABA71B958793002D90B6 /* pin_3.png */; };
		C8D9ABAC1B958793002D90B6 /* pin_4.png in Resources */ = {isa = PBXBuildFile; fileRef = C8D9ABA81B958793002D90B6 /* pin_4.png */; };
		C8D9ABAE1B9597DB002D90B6 /* pin.png in Resources */ = {isa = PBXBuildFile; fileRef = C8D9ABAD1B9597DB002D90B6 /* pin.png */; };
		C8F4EB8C1B8088B70010B749 /* TopViewController.swift in Sources */ = {isa = PBXBuildFile; fileRef = C8F4EB8B1B8088B70010B749 /* TopViewController.swift */; };
		C8F4EB8E1B8089580010B749 /* MainViewController.swift in Sources */ = {isa = PBXBuildFile; fileRef = C8F4EB8D1B8089580010B749 /* MainViewController.swift */; };
		C8F4EB921B808B0B0010B749 /* CoreLocation.framework in Frameworks */ = {isa = PBXBuildFile; fileRef = C8F4EB911B808B0B0010B749 /* CoreLocation.framework */; };
		C8F4EB941B8093270010B749 /* LocationManagerObject.swift in Sources */ = {isa = PBXBuildFile; fileRef = C8F4EB931B8093270010B749 /* LocationManagerObject.swift */; };
		C8F4EB9C1B80A9A10010B749 /* ContentViewController.swift in Sources */ = {isa = PBXBuildFile; fileRef = C8F4EB9B1B80A9A10010B749 /* ContentViewController.swift */; };
		C8F4EBA01B80B69E0010B749 /* LocationViewController.swift in Sources */ = {isa = PBXBuildFile; fileRef = C8F4EB9F1B80B69E0010B749 /* LocationViewController.swift */; };
/* End PBXBuildFile section */

/* Begin PBXContainerItemProxy section */
		C8C109ED1B7C3A5900719166 /* PBXContainerItemProxy */ = {
			isa = PBXContainerItemProxy;
			containerPortal = C8C109CF1B7C3A5800719166 /* Project object */;
			proxyType = 1;
			remoteGlobalIDString = C8C109D61B7C3A5800719166;
			remoteInfo = bousai;
		};
/* End PBXContainerItemProxy section */

/* Begin PBXFileReference section */
		5781C51923797BCEA723DA80 /* Pods.debug.xcconfig */ = {isa = PBXFileReference; includeInIndex = 1; lastKnownFileType = text.xcconfig; name = Pods.debug.xcconfig; path = "Pods/Target Support Files/Pods/Pods.debug.xcconfig"; sourceTree = "<group>"; };
		BAC6003662D79ACFE7D372C8 /* Pods.release.xcconfig */ = {isa = PBXFileReference; includeInIndex = 1; lastKnownFileType = text.xcconfig; name = Pods.release.xcconfig; path = "Pods/Target Support Files/Pods/Pods.release.xcconfig"; sourceTree = "<group>"; };
		C87F57661B8CBA83009D174F /* libsqlite3.0.dylib */ = {isa = PBXFileReference; lastKnownFileType = "compiled.mach-o.dylib"; name = libsqlite3.0.dylib; path = usr/lib/libsqlite3.0.dylib; sourceTree = SDKROOT; };
		C87F57681B8CBB0C009D174F /* DatabaseManagerObject.swift */ = {isa = PBXFileReference; fileEncoding = 4; lastKnownFileType = sourcecode.swift; path = DatabaseManagerObject.swift; sourceTree = "<group>"; };
		C88B28861B8D43EB0080A869 /* Global.swift */ = {isa = PBXFileReference; fileEncoding = 4; lastKnownFileType = sourcecode.swift; path = Global.swift; sourceTree = "<group>"; };
		C89112D21B8E0AB30096A0F5 /* MapViewObject.swift */ = {isa = PBXFileReference; fileEncoding = 4; lastKnownFileType = sourcecode.swift; path = MapViewObject.swift; sourceTree = "<group>"; };
		C89112D51B8E4C760096A0F5 /* newark_nj_1922.jpg */ = {isa = PBXFileReference; lastKnownFileType = image.jpeg; path = newark_nj_1922.jpg; sourceTree = "<group>"; };
		C89112D71B8EB4960096A0F5 /* BousaiManagerObject.swift */ = {isa = PBXFileReference; fileEncoding = 4; lastKnownFileType = sourcecode.swift; path = BousaiManagerObject.swift; sourceTree = "<group>"; };
		C89112DB1B8EC4B30096A0F5 /* SwiftyJSON.swift */ = {isa = PBXFileReference; fileEncoding = 4; lastKnownFileType = sourcecode.swift; path = SwiftyJSON.swift; sourceTree = "<group>"; };
		C89112DD1B8F88800096A0F5 /* ShelterListView.swift */ = {isa = PBXFileReference; fileEncoding = 4; lastKnownFileType = sourcecode.swift; path = ShelterListView.swift; sourceTree = "<group>"; };
		C8C109D71B7C3A5800719166 /* bousai.app */ = {isa = PBXFileReference; explicitFileType = wrapper.application; includeInIndex = 0; path = bousai.app; sourceTree = BUILT_PRODUCTS_DIR; };
		C8C109DB1B7C3A5800719166 /* Info.plist */ = {isa = PBXFileReference; lastKnownFileType = text.plist.xml; path = Info.plist; sourceTree = "<group>"; };
		C8C109DC1B7C3A5800719166 /* AppDelegate.swift */ = {isa = PBXFileReference; lastKnownFileType = sourcecode.swift; path = AppDelegate.swift; sourceTree = "<group>"; };
		C8C109DE1B7C3A5800719166 /* ViewController.swift */ = {isa = PBXFileReference; lastKnownFileType = sourcecode.swift; path = ViewController.swift; sourceTree = "<group>"; };
		C8C109E11B7C3A5800719166 /* Base */ = {isa = PBXFileReference; lastKnownFileType = file.storyboard; name = Base; path = Base.lproj/Main.storyboard; sourceTree = "<group>"; };
		C8C109E31B7C3A5800719166 /* Images.xcassets */ = {isa = PBXFileReference; lastKnownFileType = folder.assetcatalog; path = Images.xcassets; sourceTree = "<group>"; };
		C8C109E61B7C3A5800719166 /* Base */ = {isa = PBXFileReference; lastKnownFileType = file.xib; name = Base; path = Base.lproj/LaunchScreen.xib; sourceTree = "<group>"; };
		C8C109EC1B7C3A5900719166 /* bousaiTests.xctest */ = {isa = PBXFileReference; explicitFileType = wrapper.cfbundle; includeInIndex = 0; path = bousaiTests.xctest; sourceTree = BUILT_PRODUCTS_DIR; };
		C8C109F11B7C3A5900719166 /* Info.plist */ = {isa = PBXFileReference; lastKnownFileType = text.plist.xml; path = Info.plist; sourceTree = "<group>"; };
		C8C109F21B7C3A5900719166 /* bousaiTests.swift */ = {isa = PBXFileReference; lastKnownFileType = sourcecode.swift; path = bousaiTests.swift; sourceTree = "<group>"; };
		C8D46D3C1B93A8D90075D362 /* hinnan.png */ = {isa = PBXFileReference; lastKnownFileType = image.png; path = hinnan.png; sourceTree = "<group>"; };
		C8D46D3D1B93A8D90075D362 /* sinndo.png */ = {isa = PBXFileReference; lastKnownFileType = image.png; path = sinndo.png; sourceTree = "<group>"; };
		C8D46D3E1B93A8D90075D362 /* top_back.png */ = {isa = PBXFileReference; lastKnownFileType = image.png; path = top_back.png; sourceTree = "<group>"; };
		C8D46D3F1B93A8D90075D362 /* tsunami.png */ = {isa = PBXFileReference; lastKnownFileType = image.png; path = tsunami.png; sourceTree = "<group>"; };
		C8D9AB6F1B948B3C002D90B6 /* question.png */ = {isa = PBXFileReference; lastKnownFileType = image.png; path = question.png; sourceTree = "<group>"; };
		C8D9AB751B94E089002D90B6 /* sinnsuiiki.png */ = {isa = PBXFileReference; lastKnownFileType = image.png; path = sinnsuiiki.png; sourceTree = "<group>"; };
		C8D9AB771B953F7C002D90B6 /* sinndo_1.png */ = {isa = PBXFileReference; lastKnownFileType = image.png; path = sinndo_1.png; sourceTree = "<group>"; };
		C8D9AB791B9551F0002D90B6 /* syousai.png */ = {isa = PBXFileReference; lastKnownFileType = image.png; path = syousai.png; sourceTree = "<group>"; };
		C8D9AB7B1B95553E002D90B6 /* DetailViewController.swift */ = {isa = PBXFileReference; fileEncoding = 4; lastKnownFileType = sourcecode.swift; path = DetailViewController.swift; sourceTree = "<group>"; };
		C8D9AB7D1B955578002D90B6 /* back0.png */ = {isa = PBXFileReference; lastKnownFileType = image.png; path = back0.png; sourceTree = "<group>"; };
		C8D9AB7F1B95711B002D90B6 /* SettingViewController.swift */ = {isa = PBXFileReference; fileEncoding = 4; lastKnownFileType = sourcecode.swift; path = SettingViewController.swift; sourceTree = "<group>"; };
		C8D9AB811B957156002D90B6 /* setting.png */ = {isa = PBXFileReference; lastKnownFileType = image.png; path = setting.png; sourceTree = "<group>"; };
		C8D9AB831B957342002D90B6 /* batsu.png */ = {isa = PBXFileReference; lastKnownFileType = image.png; path = batsu.png; sourceTree = "<group>"; };
		C8D9AB851B957AF7002D90B6 /* infoemation.png */ = {isa = PBXFileReference; lastKnownFileType = image.png; path = infoemation.png; sourceTree = "<group>"; };
		C8D9AB871B957B5F002D90B6 /* InformationViewController.swift */ = {isa = PBXFileReference; fileEncoding = 4; lastKnownFileType = sourcecode.swift; path = InformationViewController.swift; sourceTree = "<group>"; };
		C8D9AB8A1B957E2C002D90B6 /* ヒラギノ角ゴOld StdN W6.otf */ = {isa = PBXFileReference; lastKnownFileType = file; path = "ヒラギノ角ゴOld StdN W6.otf"; sourceTree = "<group>"; };
		C8D9AB8B1B957E34002D90B6 /* ヒラギノ角ゴOld StdN W7.otf */ = {isa = PBXFileReference; lastKnownFileType = file; path = "ヒラギノ角ゴOld StdN W7.otf"; sourceTree = "<group>"; };
		C8D9AB8C1B957E34002D90B6 /* ヒラギノ角ゴOld StdN W8.otf */ = {isa = PBXFileReference; lastKnownFileType = file; path = "ヒラギノ角ゴOld StdN W8.otf"; sourceTree = "<group>"; };
		C8D9AB8D1B957E34002D90B6 /* ヒラギノ角ゴOld StdN W9.otf */ = {isa = PBXFileReference; lastKnownFileType = file; path = "ヒラギノ角ゴOld StdN W9.otf"; sourceTree = "<group>"; };
		C8D9AB931B958268002D90B6 /* icon-29@2x.png */ = {isa = PBXFileReference; lastKnownFileType = image.png; path = "icon-29@2x.png"; sourceTree = "<group>"; };
		C8D9AB941B958268002D90B6 /* icon-29@3x.png */ = {isa = PBXFileReference; lastKnownFileType = image.png; path = "icon-29@3x.png"; sourceTree = "<group>"; };
		C8D9AB951B958268002D90B6 /* icon-40@2x.png */ = {isa = PBXFileReference; lastKnownFileType = image.png; path = "icon-40@2x.png"; sourceTree = "<group>"; };
		C8D9AB961B958268002D90B6 /* icon-40@3x.png */ = {isa = PBXFileReference; lastKnownFileType = image.png; path = "icon-40@3x.png"; sourceTree = "<group>"; };
		C8D9AB971B958268002D90B6 /* icon-60@2x.png */ = {isa = PBXFileReference; lastKnownFileType = image.png; path = "icon-60@2x.png"; sourceTree = "<group>"; };
		C8D9AB981B958268002D90B6 /* icon-60@3x.png */ = {isa = PBXFileReference; lastKnownFileType = image.png; path = "icon-60@3x.png"; sourceTree = "<group>"; };
		C8D9AB991B958268002D90B6 /* icon-76@1x.png */ = {isa = PBXFileReference; lastKnownFileType = image.png; path = "icon-76@1x.png"; sourceTree = "<group>"; };
		C8D9AB9A1B958268002D90B6 /* icon-76@2x.png */ = {isa = PBXFileReference; lastKnownFileType = image.png; path = "icon-76@2x.png"; sourceTree = "<group>"; };
		C8D9ABA51B958793002D90B6 /* pin_1.png */ = {isa = PBXFileReference; lastKnownFileType = image.png; path = pin_1.png; sourceTree = "<group>"; };
		C8D9ABA61B958793002D90B6 /* pin_2.png */ = {isa = PBXFileReference; lastKnownFileType = image.png; path = pin_2.png; sourceTree = "<group>"; };
		C8D9ABA71B958793002D90B6 /* pin_3.png */ = {isa = PBXFileReference; lastKnownFileType = image.png; path = pin_3.png; sourceTree = "<group>"; };
		C8D9ABA81B958793002D90B6 /* pin_4.png */ = {isa = PBXFileReference; lastKnownFileType = image.png; path = pin_4.png; sourceTree = "<group>"; };
		C8D9ABAD1B9597DB002D90B6 /* pin.png */ = {isa = PBXFileReference; lastKnownFileType = image.png; path = pin.png; sourceTree = "<group>"; };
		C8E2DC481B82D3B4008F36AB /* bousai-Bridging-Header.h */ = {isa = PBXFileReference; fileEncoding = 4; lastKnownFileType = sourcecode.c.h; path = "bousai-Bridging-Header.h"; sourceTree = "<group>"; };
		C8F4EB8B1B8088B70010B749 /* TopViewController.swift */ = {isa = PBXFileReference; fileEncoding = 4; lastKnownFileType = sourcecode.swift; path = TopViewController.swift; sourceTree = "<group>"; };
		C8F4EB8D1B8089580010B749 /* MainViewController.swift */ = {isa = PBXFileReference; fileEncoding = 4; lastKnownFileType = sourcecode.swift; path = MainViewController.swift; sourceTree = "<group>"; };
		C8F4EB911B808B0B0010B749 /* CoreLocation.framework */ = {isa = PBXFileReference; lastKnownFileType = wrapper.framework; name = CoreLocation.framework; path = System/Library/Frameworks/CoreLocation.framework; sourceTree = SDKROOT; };
		C8F4EB931B8093270010B749 /* LocationManagerObject.swift */ = {isa = PBXFileReference; fileEncoding = 4; lastKnownFileType = sourcecode.swift; path = LocationManagerObject.swift; sourceTree = "<group>"; };
		C8F4EB9B1B80A9A10010B749 /* ContentViewController.swift */ = {isa = PBXFileReference; fileEncoding = 4; lastKnownFileType = sourcecode.swift; path = ContentViewController.swift; sourceTree = "<group>"; };
		C8F4EB9F1B80B69E0010B749 /* LocationViewController.swift */ = {isa = PBXFileReference; fileEncoding = 4; lastKnownFileType = sourcecode.swift; path = LocationViewController.swift; sourceTree = "<group>"; };
		D133608F760C945D3F62D4F8 /* libPods.a */ = {isa = PBXFileReference; explicitFileType = archive.ar; includeInIndex = 0; path = libPods.a; sourceTree = BUILT_PRODUCTS_DIR; };
/* End PBXFileReference section */

/* Begin PBXFrameworksBuildPhase section */
		C8C109D41B7C3A5800719166 /* Frameworks */ = {
			isa = PBXFrameworksBuildPhase;
			buildActionMask = 2147483647;
			files = (
				C87F57671B8CBA83009D174F /* libsqlite3.0.dylib in Frameworks */,
				C8F4EB921B808B0B0010B749 /* CoreLocation.framework in Frameworks */,
				067DCF70FA9284201E8DBD5E /* libPods.a in Frameworks */,
			);
			runOnlyForDeploymentPostprocessing = 0;
		};
		C8C109E91B7C3A5900719166 /* Frameworks */ = {
			isa = PBXFrameworksBuildPhase;
			buildActionMask = 2147483647;
			files = (
			);
			runOnlyForDeploymentPostprocessing = 0;
		};
/* End PBXFrameworksBuildPhase section */

/* Begin PBXGroup section */
		1FB5A7E94E9788D406E92549 /* Frameworks */ = {
			isa = PBXGroup;
			children = (
				C87F57661B8CBA83009D174F /* libsqlite3.0.dylib */,
				C8F4EB911B808B0B0010B749 /* CoreLocation.framework */,
				D133608F760C945D3F62D4F8 /* libPods.a */,
			);
			name = Frameworks;
			sourceTree = "<group>";
		};
		96CEF38F23A8AD2E62F7811F /* Pods */ = {
			isa = PBXGroup;
			children = (
				5781C51923797BCEA723DA80 /* Pods.debug.xcconfig */,
				BAC6003662D79ACFE7D372C8 /* Pods.release.xcconfig */,
			);
			name = Pods;
			sourceTree = "<group>";
		};
		C83822591B8160F60005E135 /* MainView */ = {
			isa = PBXGroup;
			children = (
				C8F4EB8B1B8088B70010B749 /* TopViewController.swift */,
				C8F4EB8D1B8089580010B749 /* MainViewController.swift */,
				C8D9AB7B1B95553E002D90B6 /* DetailViewController.swift */,
				C8D9AB7F1B95711B002D90B6 /* SettingViewController.swift */,
				C8D9AB871B957B5F002D90B6 /* InformationViewController.swift */,
			);
			name = MainView;
			sourceTree = "<group>";
		};
		C89112D41B8E13CF0096A0F5 /* NSObject */ = {
			isa = PBXGroup;
			children = (
				C8F4EB931B8093270010B749 /* LocationManagerObject.swift */,
				C87F57681B8CBB0C009D174F /* DatabaseManagerObject.swift */,
				C89112D21B8E0AB30096A0F5 /* MapViewObject.swift */,
				C89112D71B8EB4960096A0F5 /* BousaiManagerObject.swift */,
			);
			name = NSObject;
			sourceTree = "<group>";
		};
		C8C109CE1B7C3A5800719166 = {
			isa = PBXGroup;
			children = (
				C8C109D91B7C3A5800719166 /* bousai */,
				C8C109EF1B7C3A5900719166 /* bousaiTests */,
				C8C109D81B7C3A5800719166 /* Products */,
				96CEF38F23A8AD2E62F7811F /* Pods */,
				1FB5A7E94E9788D406E92549 /* Frameworks */,
			);
			sourceTree = "<group>";
		};
		C8C109D81B7C3A5800719166 /* Products */ = {
			isa = PBXGroup;
			children = (
				C8C109D71B7C3A5800719166 /* bousai.app */,
				C8C109EC1B7C3A5900719166 /* bousaiTests.xctest */,
			);
			name = Products;
			sourceTree = "<group>";
		};
		C8C109D91B7C3A5800719166 /* bousai */ = {
			isa = PBXGroup;
			children = (
				C89112DB1B8EC4B30096A0F5 /* SwiftyJSON.swift */,
				C8C109DC1B7C3A5800719166 /* AppDelegate.swift */,
				C88B28861B8D43EB0080A869 /* Global.swift */,
				C8F4EB9D1B80B5A80010B749 /* PageViewController */,
				C8F4EB9E1B80B5E40010B749 /* Walkthrough */,
				C83822591B8160F60005E135 /* MainView */,
				C89112D41B8E13CF0096A0F5 /* NSObject */,
				C8E2DC481B82D3B4008F36AB /* bousai-Bridging-Header.h */,
				C89112DD1B8F88800096A0F5 /* ShelterListView.swift */,
				C8D9AB921B95825F002D90B6 /* icon */,
				C8D9AB891B957E1F002D90B6 /* font */,
				C8D46D441B93A8DD0075D362 /* image */,
				C8C109E01B7C3A5800719166 /* Main.storyboard */,
				C8C109E31B7C3A5800719166 /* Images.xcassets */,
				C8C109E51B7C3A5800719166 /* LaunchScreen.xib */,
				C8C109DA1B7C3A5800719166 /* Supporting Files */,
			);
			path = bousai;
			sourceTree = "<group>";
		};
		C8C109DA1B7C3A5800719166 /* Supporting Files */ = {
			isa = PBXGroup;
			children = (
				C89112D51B8E4C760096A0F5 /* newark_nj_1922.jpg */,
				C8C109DB1B7C3A5800719166 /* Info.plist */,
			);
			name = "Supporting Files";
			sourceTree = "<group>";
		};
		C8C109EF1B7C3A5900719166 /* bousaiTests */ = {
			isa = PBXGroup;
			children = (
				C8C109F21B7C3A5900719166 /* bousaiTests.swift */,
				C8C109F01B7C3A5900719166 /* Supporting Files */,
			);
			path = bousaiTests;
			sourceTree = "<group>";
		};
		C8C109F01B7C3A5900719166 /* Supporting Files */ = {
			isa = PBXGroup;
			children = (
				C8C109F11B7C3A5900719166 /* Info.plist */,
			);
			name = "Supporting Files";
			sourceTree = "<group>";
		};
		C8D46D441B93A8DD0075D362 /* image */ = {
			isa = PBXGroup;
			children = (
				C8D9ABAD1B9597DB002D90B6 /* pin.png */,
				C8D9ABA51B958793002D90B6 /* pin_1.png */,
				C8D9ABA61B958793002D90B6 /* pin_2.png */,
				C8D9ABA71B958793002D90B6 /* pin_3.png */,
				C8D9ABA81B958793002D90B6 /* pin_4.png */,
				C8D9AB851B957AF7002D90B6 /* infoemation.png */,
				C8D9AB831B957342002D90B6 /* batsu.png */,
				C8D9AB811B957156002D90B6 /* setting.png */,
				C8D9AB7D1B955578002D90B6 /* back0.png */,
				C8D9AB791B9551F0002D90B6 /* syousai.png */,
				C8D9AB771B953F7C002D90B6 /* sinndo_1.png */,
				C8D9AB751B94E089002D90B6 /* sinnsuiiki.png */,
				C8D46D3C1B93A8D90075D362 /* hinnan.png */,
				C8D46D3D1B93A8D90075D362 /* sinndo.png */,
				C8D46D3E1B93A8D90075D362 /* top_back.png */,
				C8D46D3F1B93A8D90075D362 /* tsunami.png */,
				C8D9AB6F1B948B3C002D90B6 /* question.png */,
			);
			name = image;
			sourceTree = "<group>";
		};
		C8D9AB891B957E1F002D90B6 /* font */ = {
			isa = PBXGroup;
			children = (
				C8D9AB8A1B957E2C002D90B6 /* ヒラギノ角ゴOld StdN W6.otf */,
				C8D9AB8B1B957E34002D90B6 /* ヒラギノ角ゴOld StdN W7.otf */,
				C8D9AB8C1B957E34002D90B6 /* ヒラギノ角ゴOld StdN W8.otf */,
				C8D9AB8D1B957E34002D90B6 /* ヒラギノ角ゴOld StdN W9.otf */,
			);
			name = font;
			sourceTree = "<group>";
		};
		C8D9AB921B95825F002D90B6 /* icon */ = {
			isa = PBXGroup;
			children = (
				C8D9AB931B958268002D90B6 /* icon-29@2x.png */,
				C8D9AB941B958268002D90B6 /* icon-29@3x.png */,
				C8D9AB951B958268002D90B6 /* icon-40@2x.png */,
				C8D9AB961B958268002D90B6 /* icon-40@3x.png */,
				C8D9AB971B958268002D90B6 /* icon-60@2x.png */,
				C8D9AB981B958268002D90B6 /* icon-60@3x.png */,
				C8D9AB991B958268002D90B6 /* icon-76@1x.png */,
				C8D9AB9A1B958268002D90B6 /* icon-76@2x.png */,
			);
			name = icon;
			sourceTree = "<group>";
		};
		C8F4EB9D1B80B5A80010B749 /* PageViewController */ = {
			isa = PBXGroup;
			children = (
				C8C109DE1B7C3A5800719166 /* ViewController.swift */,
				C8F4EB9B1B80A9A10010B749 /* ContentViewController.swift */,
			);
			name = PageViewController;
			sourceTree = "<group>";
		};
		C8F4EB9E1B80B5E40010B749 /* Walkthrough */ = {
			isa = PBXGroup;
			children = (
				C8F4EB9F1B80B69E0010B749 /* LocationViewController.swift */,
			);
			name = Walkthrough;
			sourceTree = "<group>";
		};
/* End PBXGroup section */

/* Begin PBXNativeTarget section */
		C8C109D61B7C3A5800719166 /* bousai */ = {
			isa = PBXNativeTarget;
			buildConfigurationList = C8C109F61B7C3A5900719166 /* Build configuration list for PBXNativeTarget "bousai" */;
			buildPhases = (
				57F1B300D32B13D560E6E089 /* Check Pods Manifest.lock */,
				C8C109D31B7C3A5800719166 /* Sources */,
				C8C109D41B7C3A5800719166 /* Frameworks */,
				C8C109D51B7C3A5800719166 /* Resources */,
				1E7A05B46D3DDCE690A27CFA /* Copy Pods Resources */,
			);
			buildRules = (
			);
			dependencies = (
			);
			name = bousai;
			productName = bousai;
			productReference = C8C109D71B7C3A5800719166 /* bousai.app */;
			productType = "com.apple.product-type.application";
		};
		C8C109EB1B7C3A5900719166 /* bousaiTests */ = {
			isa = PBXNativeTarget;
			buildConfigurationList = C8C109F91B7C3A5900719166 /* Build configuration list for PBXNativeTarget "bousaiTests" */;
			buildPhases = (
				C8C109E81B7C3A5900719166 /* Sources */,
				C8C109E91B7C3A5900719166 /* Frameworks */,
				C8C109EA1B7C3A5900719166 /* Resources */,
			);
			buildRules = (
			);
			dependencies = (
				C8C109EE1B7C3A5900719166 /* PBXTargetDependency */,
			);
			name = bousaiTests;
			productName = bousaiTests;
			productReference = C8C109EC1B7C3A5900719166 /* bousaiTests.xctest */;
			productType = "com.apple.product-type.bundle.unit-test";
		};
/* End PBXNativeTarget section */

/* Begin PBXProject section */
		C8C109CF1B7C3A5800719166 /* Project object */ = {
			isa = PBXProject;
			attributes = {
				LastUpgradeCheck = 0640;
				ORGANIZATIONNAME = TaigaSano;
				TargetAttributes = {
					C8C109D61B7C3A5800719166 = {
						CreatedOnToolsVersion = 6.4;
						DevelopmentTeam = T66965A94D;
						SystemCapabilities = {
							com.apple.BackgroundModes = {
								enabled = 1;
							};
						};
					};
					C8C109EB1B7C3A5900719166 = {
						CreatedOnToolsVersion = 6.4;
						TestTargetID = C8C109D61B7C3A5800719166;
					};
				};
			};
			buildConfigurationList = C8C109D21B7C3A5800719166 /* Build configuration list for PBXProject "bousai" */;
			compatibilityVersion = "Xcode 3.2";
			developmentRegion = English;
			hasScannedForEncodings = 0;
			knownRegions = (
				en,
				Base,
			);
			mainGroup = C8C109CE1B7C3A5800719166;
			productRefGroup = C8C109D81B7C3A5800719166 /* Products */;
			projectDirPath = "";
			projectRoot = "";
			targets = (
				C8C109D61B7C3A5800719166 /* bousai */,
				C8C109EB1B7C3A5900719166 /* bousaiTests */,
			);
		};
/* End PBXProject section */

/* Begin PBXResourcesBuildPhase section */
		C8C109D51B7C3A5800719166 /* Resources */ = {
			isa = PBXResourcesBuildPhase;
			buildActionMask = 2147483647;
			files = (
				C8D9AB8E1B957EAD002D90B6 /* ヒラギノ角ゴOld StdN W6.otf in Resources */,
				C8D9AB8F1B957EAD002D90B6 /* ヒラギノ角ゴOld StdN W7.otf in Resources */,
				C8D9ABAC1B958793002D90B6 /* pin_4.png in Resources */,
				C8D9AB901B957EAD002D90B6 /* ヒラギノ角ゴOld StdN W8.otf in Resources */,
				C8D9AB911B957EAD002D90B6 /* ヒラギノ角ゴOld StdN W9.otf in Resources */,
				C8D46D411B93A8D90075D362 /* sinndo.png in Resources */,
				C8D9AB9D1B958268002D90B6 /* icon-40@2x.png in Resources */,
				C8D9AB701B948B3C002D90B6 /* question.png in Resources */,
				C8D9ABA01B958268002D90B6 /* icon-60@3x.png in Resources */,
				C8D9AB781B953F7C002D90B6 /* sinndo_1.png in Resources */,
				C8C109E21B7C3A5800719166 /* Main.storyboard in Resources */,
				C8D9ABA91B958793002D90B6 /* pin_1.png in Resources */,
				C8D9AB7E1B955578002D90B6 /* back0.png in Resources */,
				C8D9AB861B957AF7002D90B6 /* infoemation.png in Resources */,
				C8D9ABA21B958268002D90B6 /* icon-76@2x.png in Resources */,
				C8D9ABAA1B958793002D90B6 /* pin_2.png in Resources */,
				C8D9AB7A1B9551F0002D90B6 /* syousai.png in Resources */,
				C8D9AB9F1B958268002D90B6 /* icon-60@2x.png in Resources */,
				C8D9ABAE1B9597DB002D90B6 /* pin.png in Resources */,
				C8D9AB761B94E089002D90B6 /* sinnsuiiki.png in Resources */,
				C8D9AB821B957156002D90B6 /* setting.png in Resources */,
				C8D9AB9B1B958268002D90B6 /* icon-29@2x.png in Resources */,
				C8D9ABAB1B958793002D90B6 /* pin_3.png in Resources */,
				C8D46D401B93A8D90075D362 /* hinnan.png in Resources */,
				C89112D61B8E4C760096A0F5 /* newark_nj_1922.jpg in Resources */,
				C8D9AB841B957342002D90B6 /* batsu.png in Resources */,
				C8D9AB9E1B958268002D90B6 /* icon-40@3x.png in Resources */,
				C8C109E71B7C3A5800719166 /* LaunchScreen.xib in Resources */,
				C8C109E41B7C3A5800719166 /* Images.xcassets in Resources */,
				C8D46D421B93A8D90075D362 /* top_back.png in Resources */,
				C8D9ABA11B958268002D90B6 /* icon-76@1x.png in Resources */,
				C8D46D431B93A8D90075D362 /* tsunami.png in Resources */,
				C8D9AB9C1B958268002D90B6 /* icon-29@3x.png in Resources */,
			);
			runOnlyForDeploymentPostprocessing = 0;
		};
		C8C109EA1B7C3A5900719166 /* Resources */ = {
			isa = PBXResourcesBuildPhase;
			buildActionMask = 2147483647;
			files = (
			);
			runOnlyForDeploymentPostprocessing = 0;
		};
/* End PBXResourcesBuildPhase section */

/* Begin PBXShellScriptBuildPhase section */
		1E7A05B46D3DDCE690A27CFA /* Copy Pods Resources */ = {
			isa = PBXShellScriptBuildPhase;
			buildActionMask = 2147483647;
			files = (
			);
			inputPaths = (
			);
			name = "Copy Pods Resources";
			outputPaths = (
			);
			runOnlyForDeploymentPostprocessing = 0;
			shellPath = /bin/sh;
			shellScript = "\"${SRCROOT}/Pods/Target Support Files/Pods/Pods-resources.sh\"\n";
			showEnvVarsInLog = 0;
		};
		57F1B300D32B13D560E6E089 /* Check Pods Manifest.lock */ = {
			isa = PBXShellScriptBuildPhase;
			buildActionMask = 2147483647;
			files = (
			);
			inputPaths = (
			);
			name = "Check Pods Manifest.lock";
			outputPaths = (
			);
			runOnlyForDeploymentPostprocessing = 0;
			shellPath = /bin/sh;
			shellScript = "diff \"${PODS_ROOT}/../Podfile.lock\" \"${PODS_ROOT}/Manifest.lock\" > /dev/null\nif [[ $? != 0 ]] ; then\n    cat << EOM\nerror: The sandbox is not in sync with the Podfile.lock. Run 'pod install' or update your CocoaPods installation.\nEOM\n    exit 1\nfi\n";
			showEnvVarsInLog = 0;
		};
/* End PBXShellScriptBuildPhase section */

/* Begin PBXSourcesBuildPhase section */
		C8C109D31B7C3A5800719166 /* Sources */ = {
			isa = PBXSourcesBuildPhase;
			buildActionMask = 2147483647;
			files = (
				C8F4EBA01B80B69E0010B749 /* LocationViewController.swift in Sources */,
				C8F4EB9C1B80A9A10010B749 /* ContentViewController.swift in Sources */,
				C89112D31B8E0AB30096A0F5 /* MapViewObject.swift in Sources */,
				C8F4EB941B8093270010B749 /* LocationManagerObject.swift in Sources */,
				C89112D81B8EB4960096A0F5 /* BousaiManagerObject.swift in Sources */,
				C8D9AB801B95711B002D90B6 /* SettingViewController.swift in Sources */,
				C8C109DF1B7C3A5800719166 /* ViewController.swift in Sources */,
				C88B28871B8D43EB0080A869 /* Global.swift in Sources */,
				C89112DE1B8F88800096A0F5 /* ShelterListView.swift in Sources */,
				C8F4EB8E1B8089580010B749 /* MainViewController.swift in Sources */,
				C8C109DD1B7C3A5800719166 /* AppDelegate.swift in Sources */,
				C87F57691B8CBB0C009D174F /* DatabaseManagerObject.swift in Sources */,
				C89112DC1B8EC4B30096A0F5 /* SwiftyJSON.swift in Sources */,
				C8F4EB8C1B8088B70010B749 /* TopViewController.swift in Sources */,
				C8D9AB7C1B95553E002D90B6 /* DetailViewController.swift in Sources */,
				C8D9AB881B957B5F002D90B6 /* InformationViewController.swift in Sources */,
			);
			runOnlyForDeploymentPostprocessing = 0;
		};
		C8C109E81B7C3A5900719166 /* Sources */ = {
			isa = PBXSourcesBuildPhase;
			buildActionMask = 2147483647;
			files = (
				C8C109F31B7C3A5900719166 /* bousaiTests.swift in Sources */,
			);
			runOnlyForDeploymentPostprocessing = 0;
		};
/* End PBXSourcesBuildPhase section */

/* Begin PBXTargetDependency section */
		C8C109EE1B7C3A5900719166 /* PBXTargetDependency */ = {
			isa = PBXTargetDependency;
			target = C8C109D61B7C3A5800719166 /* bousai */;
			targetProxy = C8C109ED1B7C3A5900719166 /* PBXContainerItemProxy */;
		};
/* End PBXTargetDependency section */

/* Begin PBXVariantGroup section */
		C8C109E01B7C3A5800719166 /* Main.storyboard */ = {
			isa = PBXVariantGroup;
			children = (
				C8C109E11B7C3A5800719166 /* Base */,
			);
			name = Main.storyboard;
			sourceTree = "<group>";
		};
		C8C109E51B7C3A5800719166 /* LaunchScreen.xib */ = {
			isa = PBXVariantGroup;
			children = (
				C8C109E61B7C3A5800719166 /* Base */,
			);
			name = LaunchScreen.xib;
			sourceTree = "<group>";
		};
/* End PBXVariantGroup section */

/* Begin XCBuildConfiguration section */
		C8C109F41B7C3A5900719166 /* Debug */ = {
			isa = XCBuildConfiguration;
			buildSettings = {
				ALWAYS_SEARCH_USER_PATHS = NO;
				CLANG_CXX_LANGUAGE_STANDARD = "gnu++0x";
				CLANG_CXX_LIBRARY = "libc++";
				CLANG_ENABLE_MODULES = YES;
				CLANG_ENABLE_OBJC_ARC = YES;
				CLANG_WARN_BOOL_CONVERSION = YES;
				CLANG_WARN_CONSTANT_CONVERSION = YES;
				CLANG_WARN_DIRECT_OBJC_ISA_USAGE = YES_ERROR;
				CLANG_WARN_EMPTY_BODY = YES;
				CLANG_WARN_ENUM_CONVERSION = YES;
				CLANG_WARN_INT_CONVERSION = YES;
				CLANG_WARN_OBJC_ROOT_CLASS = YES_ERROR;
				CLANG_WARN_UNREACHABLE_CODE = YES;
				CLANG_WARN__DUPLICATE_METHOD_MATCH = YES;
				"CODE_SIGN_IDENTITY[sdk=iphoneos*]" = "iPhone Developer";
				COPY_PHASE_STRIP = NO;
				DEBUG_INFORMATION_FORMAT = "dwarf-with-dsym";
				ENABLE_STRICT_OBJC_MSGSEND = YES;
				GCC_C_LANGUAGE_STANDARD = gnu99;
				GCC_DYNAMIC_NO_PIC = NO;
				GCC_NO_COMMON_BLOCKS = YES;
				GCC_OPTIMIZATION_LEVEL = 0;
				GCC_PREPROCESSOR_DEFINITIONS = (
					"DEBUG=1",
					"$(inherited)",
				);
				GCC_SYMBOLS_PRIVATE_EXTERN = NO;
				GCC_WARN_64_TO_32_BIT_CONVERSION = YES;
				GCC_WARN_ABOUT_RETURN_TYPE = YES_ERROR;
				GCC_WARN_UNDECLARED_SELECTOR = YES;
				GCC_WARN_UNINITIALIZED_AUTOS = YES_AGGRESSIVE;
				GCC_WARN_UNUSED_FUNCTION = YES;
				GCC_WARN_UNUSED_VARIABLE = YES;
				IPHONEOS_DEPLOYMENT_TARGET = 8.4;
				MTL_ENABLE_DEBUG_INFO = YES;
				ONLY_ACTIVE_ARCH = YES;
				SDKROOT = iphoneos;
				SWIFT_OPTIMIZATION_LEVEL = "-Onone";
			};
			name = Debug;
		};
		C8C109F51B7C3A5900719166 /* Release */ = {
			isa = XCBuildConfiguration;
			buildSettings = {
				ALWAYS_SEARCH_USER_PATHS = NO;
				CLANG_CXX_LANGUAGE_STANDARD = "gnu++0x";
				CLANG_CXX_LIBRARY = "libc++";
				CLANG_ENABLE_MODULES = YES;
				CLANG_ENABLE_OBJC_ARC = YES;
				CLANG_WARN_BOOL_CONVERSION = YES;
				CLANG_WARN_CONSTANT_CONVERSION = YES;
				CLANG_WARN_DIRECT_OBJC_ISA_USAGE = YES_ERROR;
				CLANG_WARN_EMPTY_BODY = YES;
				CLANG_WARN_ENUM_CONVERSION = YES;
				CLANG_WARN_INT_CONVERSION = YES;
				CLANG_WARN_OBJC_ROOT_CLASS = YES_ERROR;
				CLANG_WARN_UNREACHABLE_CODE = YES;
				CLANG_WARN__DUPLICATE_METHOD_MATCH = YES;
				"CODE_SIGN_IDENTITY[sdk=iphoneos*]" = "iPhone Developer";
				COPY_PHASE_STRIP = NO;
				DEBUG_INFORMATION_FORMAT = "dwarf-with-dsym";
				ENABLE_NS_ASSERTIONS = NO;
				ENABLE_STRICT_OBJC_MSGSEND = YES;
				GCC_C_LANGUAGE_STANDARD = gnu99;
				GCC_NO_COMMON_BLOCKS = YES;
				GCC_WARN_64_TO_32_BIT_CONVERSION = YES;
				GCC_WARN_ABOUT_RETURN_TYPE = YES_ERROR;
				GCC_WARN_UNDECLARED_SELECTOR = YES;
				GCC_WARN_UNINITIALIZED_AUTOS = YES_AGGRESSIVE;
				GCC_WARN_UNUSED_FUNCTION = YES;
				GCC_WARN_UNUSED_VARIABLE = YES;
				IPHONEOS_DEPLOYMENT_TARGET = 8.4;
				MTL_ENABLE_DEBUG_INFO = NO;
				SDKROOT = iphoneos;
				VALIDATE_PRODUCT = YES;
			};
			name = Release;
		};
		C8C109F71B7C3A5900719166 /* Debug */ = {
			isa = XCBuildConfiguration;
			baseConfigurationReference = 5781C51923797BCEA723DA80 /* Pods.debug.xcconfig */;
			buildSettings = {
				ASSETCATALOG_COMPILER_APPICON_NAME = AppIcon;
				ASSETCATALOG_COMPILER_LAUNCHIMAGE_NAME = LaunchImage;
				CODE_SIGN_IDENTITY = "iPhone Developer";
				"CODE_SIGN_IDENTITY[sdk=iphoneos*]" = "iPhone Developer";
				INFOPLIST_FILE = bousai/Info.plist;
				IPHONEOS_DEPLOYMENT_TARGET = 7.0;
				LD_RUNPATH_SEARCH_PATHS = "$(inherited) @executable_path/Frameworks";
				PRODUCT_NAME = "$(TARGET_NAME)";
				PROVISIONING_PROFILE = "";
				SWIFT_OBJC_BRIDGING_HEADER = "bousai/bousai-Bridging-Header.h";
			};
			name = Debug;
		};
		C8C109F81B7C3A5900719166 /* Release */ = {
			isa = XCBuildConfiguration;
			baseConfigurationReference = BAC6003662D79ACFE7D372C8 /* Pods.release.xcconfig */;
			buildSettings = {
				ASSETCATALOG_COMPILER_APPICON_NAME = AppIcon;
				ASSETCATALOG_COMPILER_LAUNCHIMAGE_NAME = LaunchImage;
				CODE_SIGN_IDENTITY = "iPhone Developer";
				"CODE_SIGN_IDENTITY[sdk=iphoneos*]" = "iPhone Developer";
				INFOPLIST_FILE = bousai/Info.plist;
				IPHONEOS_DEPLOYMENT_TARGET = 7.0;
				LD_RUNPATH_SEARCH_PATHS = "$(inherited) @executable_path/Frameworks";
				PRODUCT_NAME = "$(TARGET_NAME)";
				PROVISIONING_PROFILE = "";
				SWIFT_OBJC_BRIDGING_HEADER = "bousai/bousai-Bridging-Header.h";
			};
			name = Release;
		};
		C8C109FA1B7C3A5900719166 /* Debug */ = {
			isa = XCBuildConfiguration;
			buildSettings = {
				BUNDLE_LOADER = "$(TEST_HOST)";
				FRAMEWORK_SEARCH_PATHS = (
					"$(SDKROOT)/Developer/Library/Frameworks",
					"$(inherited)",
				);
				GCC_PREPROCESSOR_DEFINITIONS = (
					"DEBUG=1",
					"$(inherited)",
				);
				INFOPLIST_FILE = bousaiTests/Info.plist;
				LD_RUNPATH_SEARCH_PATHS = "$(inherited) @executable_path/Frameworks @loader_path/Frameworks";
				PRODUCT_NAME = "$(TARGET_NAME)";
				TEST_HOST = "$(BUILT_PRODUCTS_DIR)/bousai.app/bousai";
			};
			name = Debug;
		};
		C8C109FB1B7C3A5900719166 /* Release */ = {
			isa = XCBuildConfiguration;
			buildSettings = {
				BUNDLE_LOADER = "$(TEST_HOST)";
				FRAMEWORK_SEARCH_PATHS = (
					"$(SDKROOT)/Developer/Library/Frameworks",
					"$(inherited)",
				);
				INFOPLIST_FILE = bousaiTests/Info.plist;
				LD_RUNPATH_SEARCH_PATHS = "$(inherited) @executable_path/Frameworks @loader_path/Frameworks";
				PRODUCT_NAME = "$(TARGET_NAME)";
				TEST_HOST = "$(BUILT_PRODUCTS_DIR)/bousai.app/bousai";
			};
			name = Release;
		};
/* End XCBuildConfiguration section */

/* Begin XCConfigurationList section */
		C8C109D21B7C3A5800719166 /* Build configuration list for PBXProject "bousai" */ = {
			isa = XCConfigurationList;
			buildConfigurations = (
				C8C109F41B7C3A5900719166 /* Debug */,
				C8C109F51B7C3A5900719166 /* Release */,
			);
			defaultConfigurationIsVisible = 0;
			defaultConfigurationName = Release;
		};
		C8C109F61B7C3A5900719166 /* Build configuration list for PBXNativeTarget "bousai" */ = {
			isa = XCConfigurationList;
			buildConfigurations = (
				C8C109F71B7C3A5900719166 /* Debug */,
				C8C109F81B7C3A5900719166 /* Release */,
			);
			defaultConfigurationIsVisible = 0;
			defaultConfigurationName = Release;
		};
		C8C109F91B7C3A5900719166 /* Build configuration list for PBXNativeTarget "bousaiTests" */ = {
			isa = XCConfigurationList;
			buildConfigurations = (
				C8C109FA1B7C3A5900719166 /* Debug */,
				C8C109FB1B7C3A5900719166 /* Release */,
			);
			defaultConfigurationIsVisible = 0;
			defaultConfigurationName = Release;
		};
/* End XCConfigurationList section */
	};
	rootObject = C8C109CF1B7C3A5800719166 /* Project object */;
}
